
Microsoft Visual Studio Solution File, Format Version 12.00
# Visual Studio 15
VisualStudioVersion = 15.0.28307.421
MinimumVisualStudioVersion = 10.0.40219.1
Project("{FAE04EC0-301F-11D3-BF4B-00C04F79EFBC}") = "Cheque", "Cheque\Cheque.csproj", "{771D40AF-CE0C-466A-BDC6-41038F038C41}"
EndProject
Global
	GlobalSection(SolutionConfigurationPlatforms) = preSolution
		Debug|Any CPU = Debug|Any CPU
		Release|Any CPU = Release|Any CPU
	EndGlobalSection
	GlobalSection(ProjectConfigurationPlatforms) = postSolution
		{771D40AF-CE0C-466A-BDC6-41038F038C41}.Debug|Any CPU.ActiveCfg = Debug|Any CPU
		{771D40AF-CE0C-466A-BDC6-41038F038C41}.Debug|Any CPU.Build.0 = Debug|Any CPU
		{771D40AF-CE0C-466A-BDC6-41038F038C41}.Release|Any CPU.ActiveCfg = Release|Any CPU
		{771D40AF-CE0C-466A-BDC6-41038F038C41}.Release|Any CPU.Build.0 = Release|Any CPU
	EndGlobalSection
	GlobalSection(SolutionProperties) = preSolution
		HideSolutionNode = FALSE
	EndGlobalSection
	GlobalSection(ExtensibilityGlobals) = postSolution
		SolutionGuid = {C7D65FEE-03DE-431E-847A-E44FC9E7C43F}
	EndGlobalSection
EndGlobal
